
Microsoft Visual Studio Solution File, Format Version 12.00
# Visual Studio Version 16
VisualStudioVersion = 16.0.31019.35
MinimumVisualStudioVersion = 10.0.40219.1
Project("{FAE04EC0-301F-11D3-BF4B-00C04F79EFBC}") = "Netflix-Group Similar Titles", "Netflix-Group Similar Titles\Netflix-Group Similar Titles.csproj", "{C30D814D-9709-4CCF-AE6D-9807A5775066}"
EndProject
Global
	GlobalSection(SolutionConfigurationPlatforms) = preSolution
		Debug|Any CPU = Debug|Any CPU
		Release|Any CPU = Release|Any CPU
	EndGlobalSection
	GlobalSection(ProjectConfigurationPlatforms) = postSolution
		{C30D814D-9709-4CCF-AE6D-9807A5775066}.Debug|Any CPU.ActiveCfg = Debug|Any CPU
		{C30D814D-9709-4CCF-AE6D-9807A5775066}.Debug|Any CPU.Build.0 = Debug|Any CPU
		{C30D814D-9709-4CCF-AE6D-9807A5775066}.Release|Any CPU.ActiveCfg = Release|Any CPU
		{C30D814D-9709-4CCF-AE6D-9807A5775066}.Release|Any CPU.Build.0 = Release|Any CPU
	EndGlobalSection
	GlobalSection(SolutionProperties) = preSolution
		HideSolutionNode = FALSE
	EndGlobalSection
	GlobalSection(ExtensibilityGlobals) = postSolution
		SolutionGuid = {24F4E723-EA63-4957-A314-B51C465F42D1}
	EndGlobalSection
EndGlobal
